
Microsoft Visual Studio Solution File, Format Version 12.00
# Visual Studio Version 16
VisualStudioVersion = 16.0.32126.315
MinimumVisualStudioVersion = 10.0.40219.1
Project("{9A19103F-16F7-4668-BE54-9A1E7A4F7556}") = "Example_1", "Example_1\Example_1.csproj", "{C841FEA6-BEE0-4E5E-B02B-1AB9229CD759}"
EndProject
Project("{9A19103F-16F7-4668-BE54-9A1E7A4F7556}") = "Example_2", "Example_2\Example_2.csproj", "{561CCD75-DB93-4E9E-887D-8A47129338E1}"
EndProject
Project("{9A19103F-16F7-4668-BE54-9A1E7A4F7556}") = "Example_3", "Example_3\Example_3.csproj", "{9BE421C5-AE41-4EEB-A568-9DF0803AAD58}"
EndProject
Project("{9A19103F-16F7-4668-BE54-9A1E7A4F7556}") = "Example_4", "Example_4\Example_4.csproj", "{F3901F09-00B7-44F7-9186-389DC77FFA90}"
EndProject
Project("{FAE04EC0-301F-11D3-BF4B-00C04F79EFBC}") = "Example_7", "Example_7\Example_7.csproj", "{F95E3F25-C878-4513-83D3-1333ED9DFC8B}"
EndProject
Global
	GlobalSection(SolutionConfigurationPlatforms) = preSolution
		Debug|Any CPU = Debug|Any CPU
		Release|Any CPU = Release|Any CPU
	EndGlobalSection
	GlobalSection(ProjectConfigurationPlatforms) = postSolution
		{C841FEA6-BEE0-4E5E-B02B-1AB9229CD759}.Debug|Any CPU.ActiveCfg = Debug|Any CPU
		{C841FEA6-BEE0-4E5E-B02B-1AB9229CD759}.Debug|Any CPU.Build.0 = Debug|Any CPU
		{C841FEA6-BEE0-4E5E-B02B-1AB9229CD759}.Release|Any CPU.ActiveCfg = Release|Any CPU
		{C841FEA6-BEE0-4E5E-B02B-1AB9229CD759}.Release|Any CPU.Build.0 = Release|Any CPU
		{561CCD75-DB93-4E9E-887D-8A47129338E1}.Debug|Any CPU.ActiveCfg = Debug|Any CPU
		{561CCD75-DB93-4E9E-887D-8A47129338E1}.Debug|Any CPU.Build.0 = Debug|Any CPU
		{561CCD75-DB93-4E9E-887D-8A47129338E1}.Release|Any CPU.ActiveCfg = Release|Any CPU
		{561CCD75-DB93-4E9E-887D-8A47129338E1}.Release|Any CPU.Build.0 = Release|Any CPU
		{9BE421C5-AE41-4EEB-A568-9DF0803AAD58}.Debug|Any CPU.ActiveCfg = Debug|Any CPU
		{9BE421C5-AE41-4EEB-A568-9DF0803AAD58}.Debug|Any CPU.Build.0 = Debug|Any CPU
		{9BE421C5-AE41-4EEB-A568-9DF0803AAD58}.Release|Any CPU.ActiveCfg = Release|Any CPU
		{9BE421C5-AE41-4EEB-A568-9DF0803AAD58}.Release|Any CPU.Build.0 = Release|Any CPU
		{F3901F09-00B7-44F7-9186-389DC77FFA90}.Debug|Any CPU.ActiveCfg = Debug|Any CPU
		{F3901F09-00B7-44F7-9186-389DC77FFA90}.Debug|Any CPU.Build.0 = Debug|Any CPU
		{F3901F09-00B7-44F7-9186-389DC77FFA90}.Release|Any CPU.ActiveCfg = Release|Any CPU
		{F3901F09-00B7-44F7-9186-389DC77FFA90}.Release|Any CPU.Build.0 = Release|Any CPU
		{F95E3F25-C878-4513-83D3-1333ED9DFC8B}.Debug|Any CPU.ActiveCfg = Debug|Any CPU
		{F95E3F25-C878-4513-83D3-1333ED9DFC8B}.Debug|Any CPU.Build.0 = Debug|Any CPU
		{F95E3F25-C878-4513-83D3-1333ED9DFC8B}.Release|Any CPU.ActiveCfg = Release|Any CPU
		{F95E3F25-C878-4513-83D3-1333ED9DFC8B}.Release|Any CPU.Build.0 = Release|Any CPU
	EndGlobalSection
	GlobalSection(SolutionProperties) = preSolution
		HideSolutionNode = FALSE
	EndGlobalSection
	GlobalSection(ExtensibilityGlobals) = postSolution
		SolutionGuid = {625771AA-10E9-459A-AA6A-F347A8ACF54C}
	EndGlobalSection
EndGlobal
